
Microsoft Visual Studio Solution File, Format Version 12.00
# Visual Studio Version 17
VisualStudioVersion = 17.3.32819.101
MinimumVisualStudioVersion = 10.0.40219.1
Project("{9A19103F-16F7-4668-BE54-9A1E7A4F7556}") = "IBlog.UI", "IBlog\IBlog.UI.csproj", "{C9F6216D-02CB-4C2F-ADE0-B4DA8733BC59}"
EndProject
Project("{9A19103F-16F7-4668-BE54-9A1E7A4F7556}") = "IBlog.DataAccess", "IBlog.DataAccess\IBlog.DataAccess.csproj", "{33F9F055-F6D8-4F8B-AADF-2DEE4912FC6E}"
EndProject
Project("{9A19103F-16F7-4668-BE54-9A1E7A4F7556}") = "IBlog.Business", "IBlog.Business\IBlog.Business.csproj", "{86E1C7AF-E62D-4C7C-A8DD-27EFFE47CBDA}"
EndProject
Project("{9A19103F-16F7-4668-BE54-9A1E7A4F7556}") = "IBlog.Core", "IBlog.Core\IBlog.Core.csproj", "{71059F0D-A206-444F-AAA2-71EA114BE1A1}"
EndProject
Project("{9A19103F-16F7-4668-BE54-9A1E7A4F7556}") = "IBlog.Entities", "IBlog.Entities\IBlog.Entities.csproj", "{1068B031-E2F7-4DAC-8148-0F23696DBB32}"
EndProject
Global
	GlobalSection(SolutionConfigurationPlatforms) = preSolution
		Debug|Any CPU = Debug|Any CPU
		Release|Any CPU = Release|Any CPU
	EndGlobalSection
	GlobalSection(ProjectConfigurationPlatforms) = postSolution
		{C9F6216D-02CB-4C2F-ADE0-B4DA8733BC59}.Debug|Any CPU.ActiveCfg = Debug|Any CPU
		{C9F6216D-02CB-4C2F-ADE0-B4DA8733BC59}.Debug|Any CPU.Build.0 = Debug|Any CPU
		{C9F6216D-02CB-4C2F-ADE0-B4DA8733BC59}.Release|Any CPU.ActiveCfg = Release|Any CPU
		{C9F6216D-02CB-4C2F-ADE0-B4DA8733BC59}.Release|Any CPU.Build.0 = Release|Any CPU
		{33F9F055-F6D8-4F8B-AADF-2DEE4912FC6E}.Debug|Any CPU.ActiveCfg = Debug|Any CPU
		{33F9F055-F6D8-4F8B-AADF-2DEE4912FC6E}.Debug|Any CPU.Build.0 = Debug|Any CPU
		{33F9F055-F6D8-4F8B-AADF-2DEE4912FC6E}.Release|Any CPU.ActiveCfg = Release|Any CPU
		{33F9F055-F6D8-4F8B-AADF-2DEE4912FC6E}.Release|Any CPU.Build.0 = Release|Any CPU
		{86E1C7AF-E62D-4C7C-A8DD-27EFFE47CBDA}.Debug|Any CPU.ActiveCfg = Debug|Any CPU
		{86E1C7AF-E62D-4C7C-A8DD-27EFFE47CBDA}.Debug|Any CPU.Build.0 = Debug|Any CPU
		{86E1C7AF-E62D-4C7C-A8DD-27EFFE47CBDA}.Release|Any CPU.ActiveCfg = Release|Any CPU
		{86E1C7AF-E62D-4C7C-A8DD-27EFFE47CBDA}.Release|Any CPU.Build.0 = Release|Any CPU
		{71059F0D-A206-444F-AAA2-71EA114BE1A1}.Debug|Any CPU.ActiveCfg = Debug|Any CPU
		{71059F0D-A206-444F-AAA2-71EA114BE1A1}.Debug|Any CPU.Build.0 = Debug|Any CPU
		{71059F0D-A206-444F-AAA2-71EA114BE1A1}.Release|Any CPU.ActiveCfg = Release|Any CPU
		{71059F0D-A206-444F-AAA2-71EA114BE1A1}.Release|Any CPU.Build.0 = Release|Any CPU
		{1068B031-E2F7-4DAC-8148-0F23696DBB32}.Debug|Any CPU.ActiveCfg = Debug|Any CPU
		{1068B031-E2F7-4DAC-8148-0F23696DBB32}.Debug|Any CPU.Build.0 = Debug|Any CPU
		{1068B031-E2F7-4DAC-8148-0F23696DBB32}.Release|Any CPU.ActiveCfg = Release|Any CPU
		{1068B031-E2F7-4DAC-8148-0F23696DBB32}.Release|Any CPU.Build.0 = Release|Any CPU
	EndGlobalSection
	GlobalSection(SolutionProperties) = preSolution
		HideSolutionNode = FALSE
	EndGlobalSection
	GlobalSection(ExtensibilityGlobals) = postSolution
		SolutionGuid = {4674C8A5-3A06-416F-BB9A-E4ADF7171D2A}
	EndGlobalSection
EndGlobal
